Microsoft Visual Studio Solution File, Format Version 12.00
# Visual Studio Version 17
VisualStudioVersion = 17.5.2.0
MinimumVisualStudioVersion = 10.0.40219.1
Project("{FAE04EC0-301F-11D3-BF4B-00C04F79EFBC}") = "if_statement(2.6)", "if_statement(2.6).csproj", "{066E7A2A-8FDD-A5DA-B3E6-0F105F803D47}"
EndProject
Global
	GlobalSection(SolutionConfigurationPlatforms) = preSolution
		Debug|Any CPU = Debug|Any CPU
		Release|Any CPU = Release|Any CPU
	EndGlobalSection
	GlobalSection(ProjectConfigurationPlatforms) = postSolution
		{066E7A2A-8FDD-A5DA-B3E6-0F105F803D47}.Debug|Any CPU.ActiveCfg = Debug|Any CPU
		{066E7A2A-8FDD-A5DA-B3E6-0F105F803D47}.Debug|Any CPU.Build.0 = Debug|Any CPU
		{066E7A2A-8FDD-A5DA-B3E6-0F105F803D47}.Release|Any CPU.ActiveCfg = Release|Any CPU
		{066E7A2A-8FDD-A5DA-B3E6-0F105F803D47}.Release|Any CPU.Build.0 = Release|Any CPU
	EndGlobalSection
	GlobalSection(SolutionProperties) = preSolution
		HideSolutionNode = FALSE
	EndGlobalSection
	GlobalSection(ExtensibilityGlobals) = postSolution
		SolutionGuid = {DCD931B4-1DB8-4100-9C62-93CF7E691E4B}
	EndGlobalSection
EndGlobal
